// !$*UTF8*$!
{
	archiveVersion = 1;
	classes = {
	};
	objectVersion = 50;
	objects = {

/* Begin PBXBuildFile section */
		0437B592214100DE0017CDF0 /* AppDelegate+AOP.m in Sources */ = {isa = PBXBuildFile; fileRef = 0437B591214100DE0017CDF0 /* AppDelegate+AOP.m */; };
		0437B596214101680017CDF0 /* UIViewController+NaviBarButton.m in Sources */ = {isa = PBXBuildFile; fileRef = 0437B595214101680017CDF0 /* UIViewController+NaviBarButton.m */; };
		0437B5A0214102E90017CDF0 /* UIViewController+BackButtonHandler.m in Sources */ = {isa = PBXBuildFile; fileRef = 0437B59C214102E90017CDF0 /* UIViewController+BackButtonHandler.m */; };
		0437B5A1214102E90017CDF0 /* UINavigationController+ShouldPopOnBackButton.m in Sources */ = {isa = PBXBuildFile; fileRef = 0437B59D214102E90017CDF0 /* UINavigationController+ShouldPopOnBackButton.m */; };
		0437B5A5214103560017CDF0 /* UIView+singleCorner.m in Sources */ = {isa = PBXBuildFile; fileRef = 0437B5A4214103560017CDF0 /* UIView+singleCorner.m */; };
		0437B5AD2141047C0017CDF0 /* MarqueeView.m in Sources */ = {isa = PBXBuildFile; fileRef = 0437B5AC2141047C0017CDF0 /* MarqueeView.m */; };
		0437B5B1214104B40017CDF0 /* LeftViewTextField.m in Sources */ = {isa = PBXBuildFile; fileRef = 0437B5AF214104B40017CDF0 /* LeftViewTextField.m */; };
		0437B5B5214104DB0017CDF0 /* T_PageControl.m in Sources */ = {isa = PBXBuildFile; fileRef = 0437B5B3214104DB0017CDF0 /* T_PageControl.m */; };
		0437B5BF214106080017CDF0 /* KMPNestedMainTableViewCell.m in Sources */ = {isa = PBXBuildFile; fileRef = 0437B5B7214106080017CDF0 /* KMPNestedMainTableViewCell.m */; };
		0437B5C0214106080017CDF0 /* KMPNestedMainHeaderView.m in Sources */ = {isa = PBXBuildFile; fileRef = 0437B5BA214106080017CDF0 /* KMPNestedMainHeaderView.m */; };
		0437B5C1214106080017CDF0 /* KMPPassTableView.m in Sources */ = {isa = PBXBuildFile; fileRef = 0437B5BC214106080017CDF0 /* KMPPassTableView.m */; };
		0437B5C2214106080017CDF0 /* KMPNestedSubCollectionViewCell.m in Sources */ = {isa = PBXBuildFile; fileRef = 0437B5BD214106080017CDF0 /* KMPNestedSubCollectionViewCell.m */; };
		0437B5D6214106390017CDF0 /* DLLRUCache.m in Sources */ = {isa = PBXBuildFile; fileRef = 0437B5C6214106390017CDF0 /* DLLRUCache.m */; };
		0437B5D7214106390017CDF0 /* DLTabedSlideView.m in Sources */ = {isa = PBXBuildFile; fileRef = 0437B5CC214106390017CDF0 /* DLTabedSlideView.m */; };
		0437B5D8214106390017CDF0 /* DLScrollTabbarView.m in Sources */ = {isa = PBXBuildFile; fileRef = 0437B5D1214106390017CDF0 /* DLScrollTabbarView.m */; };
		0437B5D9214106390017CDF0 /* DLFixedTabbarView.m in Sources */ = {isa = PBXBuildFile; fileRef = 0437B5D2214106390017CDF0 /* DLFixedTabbarView.m */; };
		0437B5DA214106390017CDF0 /* DLUtility.m in Sources */ = {isa = PBXBuildFile; fileRef = 0437B5D3214106390017CDF0 /* DLUtility.m */; };
		0437B5DB214106390017CDF0 /* DLCustomSlideView.m in Sources */ = {isa = PBXBuildFile; fileRef = 0437B5D4214106390017CDF0 /* DLCustomSlideView.m */; };
		0437B5DC214106390017CDF0 /* DLSlideView.m in Sources */ = {isa = PBXBuildFile; fileRef = 0437B5D5214106390017CDF0 /* DLSlideView.m */; };
		04506178213FB71000366855 /* Felix.m in Sources */ = {isa = PBXBuildFile; fileRef = 04506160213FB71000366855 /* Felix.m */; };
		04506179213FB71000366855 /* Tools.m in Sources */ = {isa = PBXBuildFile; fileRef = 04506166213FB71000366855 /* Tools.m */; };
		0450617A213FB71000366855 /* Tools+UpdateVersion.m in Sources */ = {isa = PBXBuildFile; fileRef = 04506167213FB71000366855 /* Tools+UpdateVersion.m */; };
		0450617B213FB71000366855 /* Tools+CheckFormat.m in Sources */ = {isa = PBXBuildFile; fileRef = 04506168213FB71000366855 /* Tools+CheckFormat.m */; };
		0450617E213FB71000366855 /* Tools+Image.m in Sources */ = {isa = PBXBuildFile; fileRef = 04506170213FB71000366855 /* Tools+Image.m */; };
		0450617F213FB71000366855 /* Tools+String.m in Sources */ = {isa = PBXBuildFile; fileRef = 04506171213FB71000366855 /* Tools+String.m */; };
		04506180213FB71000366855 /* Tools+DeviceCategory.m in Sources */ = {isa = PBXBuildFile; fileRef = 04506172213FB71000366855 /* Tools+DeviceCategory.m */; };
		04506181213FB71000366855 /* Tools+Date.m in Sources */ = {isa = PBXBuildFile; fileRef = 04506174213FB71000366855 /* Tools+Date.m */; };
		04506182213FB71000366855 /* EncryptionTools.m in Sources */ = {isa = PBXBuildFile; fileRef = 04506177213FB71000366855 /* EncryptionTools.m */; };
		0453CDA5213E571700AB6679 /* OpenShare+Weibo.m in Sources */ = {isa = PBXBuildFile; fileRef = 0453CD98213E571700AB6679 /* OpenShare+Weibo.m */; };
		0453CDA6213E571700AB6679 /* OpenShare.m in Sources */ = {isa = PBXBuildFile; fileRef = 0453CD99213E571700AB6679 /* OpenShare.m */; };
		0453CDA7213E571700AB6679 /* OpenShare+QQ.m in Sources */ = {isa = PBXBuildFile; fileRef = 0453CD9B213E571700AB6679 /* OpenShare+QQ.m */; };
		0453CDA8213E571700AB6679 /* OpenShare+Alipay.m in Sources */ = {isa = PBXBuildFile; fileRef = 0453CD9C213E571700AB6679 /* OpenShare+Alipay.m */; };
		0453CDA9213E571700AB6679 /* OpenShare+Weixin.m in Sources */ = {isa = PBXBuildFile; fileRef = 0453CD9D213E571700AB6679 /* OpenShare+Weixin.m */; };
		0453CDAA213E571700AB6679 /* OpenShare+Renren.m in Sources */ = {isa = PBXBuildFile; fileRef = 0453CDA0213E571700AB6679 /* OpenShare+Renren.m */; };
		0479EC4C2137D69E008DB619 /* AppDelegate.m in Sources */ = {isa = PBXBuildFile; fileRef = 0479EC4B2137D69E008DB619 /* AppDelegate.m */; };
		0479EC4F2137D69E008DB619 /* ViewController.m in Sources */ = {isa = PBXBuildFile; fileRef = 0479EC4E2137D69E008DB619 /* ViewController.m */; };
		0479EC522137D69E008DB619 /* Main.storyboard in Resources */ = {isa = PBXBuildFile; fileRef = 0479EC502137D69E008DB619 /* Main.storyboard */; };
		0479EC542137D69F008DB619 /* Assets.xcassets in Resources */ = {isa = PBXBuildFile; fileRef = 0479EC532137D69F008DB619 /* Assets.xcassets */; };
		0479EC572137D69F008DB619 /* LaunchScreen.storyboard in Resources */ = {isa = PBXBuildFile; fileRef = 0479EC552137D69F008DB619 /* LaunchScreen.storyboard */; };
		0479EC5A2137D69F008DB619 /* main.m in Sources */ = {isa = PBXBuildFile; fileRef = 0479EC592137D69F008DB619 /* main.m */; };
		04B99B172179EE4900E2500B /* IFMShareItem.m in Sources */ = {isa = PBXBuildFile; fileRef = 04B99B102179EE4900E2500B /* IFMShareItem.m */; };
		04B99B182179EE4900E2500B /* IFMShareView.m in Sources */ = {isa = PBXBuildFile; fileRef = 04B99B112179EE4900E2500B /* IFMShareView.m */; };
		04B99B192179EE4900E2500B /* IFMShareImage.bundle in Resources */ = {isa = PBXBuildFile; fileRef = 04B99B122179EE4900E2500B /* IFMShareImage.bundle */; };
		04B99B1A2179EE4900E2500B /* IFMShareItemCell.m in Sources */ = {isa = PBXBuildFile; fileRef = 04B99B162179EE4900E2500B /* IFMShareItemCell.m */; };
		04B99B1E2179EF5E00E2500B /* LF_ShareViewController.m in Sources */ = {isa = PBXBuildFile; fileRef = 04B99B1D2179EF5E00E2500B /* LF_ShareViewController.m */; };
		04B99B212179EFA200E2500B /* LF_ShareHandle.m in Sources */ = {isa = PBXBuildFile; fileRef = 04B99B202179EFA200E2500B /* LF_ShareHandle.m */; };
		1D2F17DD31CA03BB82396DEE /* Pods_iOS.framework in Frameworks */ = {isa = PBXBuildFile; fileRef = 54ACFF48B09646D21CE60AED /* Pods_iOS.framework */; };
		B1E00BE42143D62400A4656D /* UIView+Border.m in Sources */ = {isa = PBXBuildFile; fileRef = B1E00BE32143D62400A4656D /* UIView+Border.m */; };
/* End PBXBuildFile section */

/* Begin PBXFileReference section */
		0437B590214100DE0017CDF0 /* AppDelegate+AOP.h */ = {isa = PBXFileReference; lastKnownFileType = sourcecode.c.h; path = "AppDelegate+AOP.h"; sourceTree = "<group>"; };
		0437B591214100DE0017CDF0 /* AppDelegate+AOP.m */ = {isa = PBXFileReference; lastKnownFileType = sourcecode.c.objc; path = "AppDelegate+AOP.m"; sourceTree = "<group>"; };
		0437B594214101680017CDF0 /* UIViewController+NaviBarButton.h */ = {isa = PBXFileReference; fileEncoding = 4; lastKnownFileType = sourcecode.c.h; path = "UIViewController+NaviBarButton.h"; sourceTree = "<group>"; };
		0437B595214101680017CDF0 /* UIViewController+NaviBarButton.m */ = {isa = PBXFileReference; fileEncoding = 4; lastKnownFileType = sourcecode.c.objc; path = "UIViewController+NaviBarButton.m"; sourceTree = "<group>"; };
		0437B59B214102E90017CDF0 /* UINavigationController+ShouldPopOnBackButton.h */ = {isa = PBXFileReference; fileEncoding = 4; lastKnownFileType = sourcecode.c.h; path = "UINavigationController+ShouldPopOnBackButton.h"; sourceTree = "<group>"; };
		0437B59C214102E90017CDF0 /* UIViewController+BackButtonHandler.m */ = {isa = PBXFileReference; fileEncoding = 4; lastKnownFileType = sourcecode.c.objc; path = "UIViewController+BackButtonHandler.m"; sourceTree = "<group>"; };
		0437B59D214102E90017CDF0 /* UINavigationController+ShouldPopOnBackButton.m */ = {isa = PBXFileReference; fileEncoding = 4; lastKnownFileType = sourcecode.c.objc; path = "UINavigationController+ShouldPopOnBackButton.m"; sourceTree = "<group>"; };
		0437B59E214102E90017CDF0 /* UIViewController+BackButtonHandler.h */ = {isa = PBXFileReference; fileEncoding = 4; lastKnownFileType = sourcecode.c.h; path = "UIViewController+BackButtonHandler.h"; sourceTree = "<group>"; };
		0437B5A3214103560017CDF0 /* UIView+singleCorner.h */ = {isa = PBXFileReference; fileEncoding = 4; lastKnownFileType = sourcecode.c.h; path = "UIView+singleCorner.h"; sourceTree = "<group>"; };
		0437B5A4214103560017CDF0 /* UIView+singleCorner.m */ = {isa = PBXFileReference; fileEncoding = 4; lastKnownFileType = sourcecode.c.objc; path = "UIView+singleCorner.m"; sourceTree = "<group>"; };
		0437B5AB2141047C0017CDF0 /* MarqueeView.h */ = {isa = PBXFileReference; fileEncoding = 4; lastKnownFileType = sourcecode.c.h; path = MarqueeView.h; sourceTree = "<group>"; };
		0437B5AC2141047C0017CDF0 /* MarqueeView.m */ = {isa = PBXFileReference; fileEncoding = 4; lastKnownFileType = sourcecode.c.objc; path = MarqueeView.m; sourceTree = "<group>"; };
		0437B5AF214104B40017CDF0 /* LeftViewTextField.m */ = {isa = PBXFileReference; fileEncoding = 4; lastKnownFileType = sourcecode.c.objc; path = LeftViewTextField.m; sourceTree = "<group>"; };
		0437B5B0214104B40017CDF0 /* LeftViewTextField.h */ = {isa = PBXFileReference; fileEncoding = 4; lastKnownFileType = sourcecode.c.h; path = LeftViewTextField.h; sourceTree = "<group>"; };
		0437B5B3214104DB0017CDF0 /* T_PageControl.m */ = {isa = PBXFileReference; fileEncoding = 4; lastKnownFileType = sourcecode.c.objc; path = T_PageControl.m; sourceTree = "<group>"; };
		0437B5B4214104DB0017CDF0 /* T_PageControl.h */ = {isa = PBXFileReference; fileEncoding = 4; lastKnownFileType = sourcecode.c.h; path = T_PageControl.h; sourceTree = "<group>"; };
		0437B5B7214106080017CDF0 /* KMPNestedMainTableViewCell.m */ = {isa = PBXFileReference; fileEncoding = 4; lastKnownFileType = sourcecode.c.objc; path = KMPNestedMainTableViewCell.m; sourceTree = "<group>"; };
		0437B5B8214106080017CDF0 /* KMPNestedSubCollectionViewCell.h */ = {isa = PBXFileReference; fileEncoding = 4; lastKnownFileType = sourcecode.c.h; path = KMPNestedSubCollectionViewCell.h; sourceTree = "<group>"; };
		0437B5B9214106080017CDF0 /* KMPPassTableView.h */ = {isa = PBXFileReference; fileEncoding = 4; lastKnownFileType = sourcecode.c.h; path = KMPPassTableView.h; sourceTree = "<group>"; };
		0437B5BA214106080017CDF0 /* KMPNestedMainHeaderView.m */ = {isa = PBXFileReference; fileEncoding = 4; lastKnownFileType = sourcecode.c.objc; path = KMPNestedMainHeaderView.m; sourceTree = "<group>"; };
		0437B5BB214106080017CDF0 /* KMPNestedMainTableViewCell.h */ = {isa = PBXFileReference; fileEncoding = 4; lastKnownFileType = sourcecode.c.h; path = KMPNestedMainTableViewCell.h; sourceTree = "<group>"; };
		0437B5BC214106080017CDF0 /* KMPPassTableView.m */ = {isa = PBXFileReference; fileEncoding = 4; lastKnownFileType = sourcecode.c.objc; path = KMPPassTableView.m; sourceTree = "<group>"; };
		0437B5BD214106080017CDF0 /* KMPNestedSubCollectionViewCell.m */ = {isa = PBXFileReference; fileEncoding = 4; lastKnownFileType = sourcecode.c.objc; path = KMPNestedSubCollectionViewCell.m; sourceTree = "<group>"; };
		0437B5BE214106080017CDF0 /* KMPNestedMainHeaderView.h */ = {isa = PBXFileReference; fileEncoding = 4; lastKnownFileType = sourcecode.c.h; path = KMPNestedMainHeaderView.h; sourceTree = "<group>"; };
		0437B5C4214106390017CDF0 /* DLTabedSlideView.h */ = {isa = PBXFileReference; fileEncoding = 4; lastKnownFileType = sourcecode.c.h; path = DLTabedSlideView.h; sourceTree = "<group>"; };
		0437B5C6214106390017CDF0 /* DLLRUCache.m */ = {isa = PBXFileReference; fileEncoding = 4; lastKnownFileType = sourcecode.c.objc; path = DLLRUCache.m; sourceTree = "<group>"; };
		0437B5C7214106390017CDF0 /* DLCacheProtocol.h */ = {isa = PBXFileReference; fileEncoding = 4; lastKnownFileType = sourcecode.c.h; path = DLCacheProtocol.h; sourceTree = "<group>"; };
		0437B5C8214106390017CDF0 /* DLLRUCache.h */ = {isa = PBXFileReference; fileEncoding = 4; lastKnownFileType = sourcecode.c.h; path = DLLRUCache.h; sourceTree = "<group>"; };
		0437B5C9214106390017CDF0 /* DLUtility.h */ = {isa = PBXFileReference; fileEncoding = 4; lastKnownFileType = sourcecode.c.h; path = DLUtility.h; sourceTree = "<group>"; };
		0437B5CA214106390017CDF0 /* DLSlideView.h */ = {isa = PBXFileReference; fileEncoding = 4; lastKnownFileType = sourcecode.c.h; path = DLSlideView.h; sourceTree = "<group>"; };
		0437B5CB214106390017CDF0 /* DLCustomSlideView.h */ = {isa = PBXFileReference; fileEncoding = 4; lastKnownFileType = sourcecode.c.h; path = DLCustomSlideView.h; sourceTree = "<group>"; };
		0437B5CC214106390017CDF0 /* DLTabedSlideView.m */ = {isa = PBXFileReference; fileEncoding = 4; lastKnownFileType = sourcecode.c.objc; path = DLTabedSlideView.m; sourceTree = "<group>"; };
		0437B5CE214106390017CDF0 /* DLSlideTabbarProtocol.h */ = {isa = PBXFileReference; fileEncoding = 4; lastKnownFileType = sourcecode.c.h; path = DLSlideTabbarProtocol.h; sourceTree = "<group>"; };
		0437B5CF214106390017CDF0 /* DLScrollTabbarView.h */ = {isa = PBXFileReference; fileEncoding = 4; lastKnownFileType = sourcecode.c.h; path = DLScrollTabbarView.h; sourceTree = "<group>"; };
		0437B5D0214106390017CDF0 /* DLFixedTabbarView.h */ = {isa = PBXFileReference; fileEncoding = 4; lastKnownFileType = sourcecode.c.h; path = DLFixedTabbarView.h; sourceTree = "<group>"; };
		0437B5D1214106390017CDF0 /* DLScrollTabbarView.m */ = {isa = PBXFileReference; fileEncoding = 4; lastKnownFileType = sourcecode.c.objc; path = DLScrollTabbarView.m; sourceTree = "<group>"; };
		0437B5D2214106390017CDF0 /* DLFixedTabbarView.m */ = {isa = PBXFileReference; fileEncoding = 4; lastKnownFileType = sourcecode.c.objc; path = DLFixedTabbarView.m; sourceTree = "<group>"; };
		0437B5D3214106390017CDF0 /* DLUtility.m */ = {isa = PBXFileReference; fileEncoding = 4; lastKnownFileType = sourcecode.c.objc; path = DLUtility.m; sourceTree = "<group>"; };
		0437B5D4214106390017CDF0 /* DLCustomSlideView.m */ = {isa = PBXFileReference; fileEncoding = 4; lastKnownFileType = sourcecode.c.objc; path = DLCustomSlideView.m; sourceTree = "<group>"; };
		0437B5D5214106390017CDF0 /* DLSlideView.m */ = {isa = PBXFileReference; fileEncoding = 4; lastKnownFileType = sourcecode.c.objc; path = DLSlideView.m; sourceTree = "<group>"; };
		04506148213FAF9800366855 /* iOS-Prefix.pch */ = {isa = PBXFileReference; lastKnownFileType = sourcecode.c.h; path = "iOS-Prefix.pch"; sourceTree = "<group>"; };
		0450615A213FB68700366855 /* CommonMacro.h */ = {isa = PBXFileReference; fileEncoding = 4; lastKnownFileType = sourcecode.c.h; path = CommonMacro.h; sourceTree = "<group>"; };
		0450615B213FB68700366855 /* WeakDefine.h */ = {isa = PBXFileReference; fileEncoding = 4; lastKnownFileType = sourcecode.c.h; path = WeakDefine.h; sourceTree = "<group>"; };
		0450615C213FB68700366855 /* Singleton.h */ = {isa = PBXFileReference; fileEncoding = 4; lastKnownFileType = sourcecode.c.h; path = Singleton.h; sourceTree = "<group>"; };
		0450615D213FB6BA00366855 /* UtilsHeader.h */ = {isa = PBXFileReference; lastKnownFileType = sourcecode.c.h; path = UtilsHeader.h; sourceTree = "<group>"; };
		04506160213FB71000366855 /* Felix.m */ = {isa = PBXFileReference; fileEncoding = 4; lastKnownFileType = sourcecode.c.objc; path = Felix.m; sourceTree = "<group>"; };
		04506161213FB71000366855 /* Felix.h */ = {isa = PBXFileReference; fileEncoding = 4; lastKnownFileType = sourcecode.c.h; path = Felix.h; sourceTree = "<group>"; };
		04506164213FB71000366855 /* Tools+String.h */ = {isa = PBXFileReference; fileEncoding = 4; lastKnownFileType = sourcecode.c.h; path = "Tools+String.h"; sourceTree = "<group>"; };
		04506165213FB71000366855 /* Tools+Image.h */ = {isa = PBXFileReference; fileEncoding = 4; lastKnownFileType = sourcecode.c.h; path = "Tools+Image.h"; sourceTree = "<group>"; };
		04506166213FB71000366855 /* Tools.m */ = {isa = PBXFileReference; fileEncoding = 4; lastKnownFileType = sourcecode.c.objc; path = Tools.m; sourceTree = "<group>"; };
		04506167213FB71000366855 /* Tools+UpdateVersion.m */ = {isa = PBXFileReference; fileEncoding = 4; lastKnownFileType = sourcecode.c.objc; path = "Tools+UpdateVersion.m"; sourceTree = "<group>"; };
		04506168213FB71000366855 /* Tools+CheckFormat.m */ = {isa = PBXFileReference; fileEncoding = 4; lastKnownFileType = sourcecode.c.objc; path = "Tools+CheckFormat.m"; sourceTree = "<group>"; };
		04506169213FB71000366855 /* Tools+DeviceCategory.h */ = {isa = PBXFileReference; fileEncoding = 4; lastKnownFileType = sourcecode.c.h; path = "Tools+DeviceCategory.h"; sourceTree = "<group>"; };
		0450616A213FB71000366855 /* Tools+Date.h */ = {isa = PBXFileReference; fileEncoding = 4; lastKnownFileType = sourcecode.c.h; path = "Tools+Date.h"; sourceTree = "<group>"; };
		0450616D213FB71000366855 /* Tools+UpdateVersion.h */ = {isa = PBXFileReference; fileEncoding = 4; lastKnownFileType = sourcecode.c.h; path = "Tools+UpdateVersion.h"; sourceTree = "<group>"; };
		0450616E213FB71000366855 /* Tools+CheckFormat.h */ = {isa = PBXFileReference; fileEncoding = 4; lastKnownFileType = sourcecode.c.h; path = "Tools+CheckFormat.h"; sourceTree = "<group>"; };
		0450616F213FB71000366855 /* Tools.h */ = {isa = PBXFileReference; fileEncoding = 4; lastKnownFileType = sourcecode.c.h; path = Tools.h; sourceTree = "<group>"; };
		04506170213FB71000366855 /* Tools+Image.m */ = {isa = PBXFileReference; fileEncoding = 4; lastKnownFileType = sourcecode.c.objc; path = "Tools+Image.m"; sourceTree = "<group>"; };
		04506171213FB71000366855 /* Tools+String.m */ = {isa = PBXFileReference; fileEncoding = 4; lastKnownFileType = sourcecode.c.objc; path = "Tools+String.m"; sourceTree = "<group>"; };
		04506172213FB71000366855 /* Tools+DeviceCategory.m */ = {isa = PBXFileReference; fileEncoding = 4; lastKnownFileType = sourcecode.c.objc; path = "Tools+DeviceCategory.m"; sourceTree = "<group>"; };
		04506174213FB71000366855 /* Tools+Date.m */ = {isa = PBXFileReference; fileEncoding = 4; lastKnownFileType = sourcecode.c.objc; path = "Tools+Date.m"; sourceTree = "<group>"; };
		04506176213FB71000366855 /* EncryptionTools.h */ = {isa = PBXFileReference; fileEncoding = 4; lastKnownFileType = sourcecode.c.h; path = EncryptionTools.h; sourceTree = "<group>"; };
		04506177213FB71000366855 /* EncryptionTools.m */ = {isa = PBXFileReference; fileEncoding = 4; lastKnownFileType = sourcecode.c.objc; path = EncryptionTools.m; sourceTree = "<group>"; };
		0453CD98213E571700AB6679 /* OpenShare+Weibo.m */ = {isa = PBXFileReference; fileEncoding = 4; lastKnownFileType = sourcecode.c.objc; path = "OpenShare+Weibo.m"; sourceTree = "<group>"; };
		0453CD99213E571700AB6679 /* OpenShare.m */ = {isa = PBXFileReference; fileEncoding = 4; lastKnownFileType = sourcecode.c.objc; path = OpenShare.m; sourceTree = "<group>"; };
		0453CD9A213E571700AB6679 /* OpenShare+Renren.h */ = {isa = PBXFileReference; fileEncoding = 4; lastKnownFileType = sourcecode.c.h; path = "OpenShare+Renren.h"; sourceTree = "<group>"; };
		0453CD9B213E571700AB6679 /* OpenShare+QQ.m */ = {isa = PBXFileReference; fileEncoding = 4; lastKnownFileType = sourcecode.c.objc; path = "OpenShare+QQ.m"; sourceTree = "<group>"; };
		0453CD9C213E571700AB6679 /* OpenShare+Alipay.m */ = {isa = PBXFileReference; fileEncoding = 4; lastKnownFileType = sourcecode.c.objc; path = "OpenShare+Alipay.m"; sourceTree = "<group>"; };
		0453CD9D213E571700AB6679 /* OpenShare+Weixin.m */ = {isa = PBXFileReference; fileEncoding = 4; lastKnownFileType = sourcecode.c.objc; path = "OpenShare+Weixin.m"; sourceTree = "<group>"; };
		0453CD9E213E571700AB6679 /* OpenShareHeader.h */ = {isa = PBXFileReference; fileEncoding = 4; lastKnownFileType = sourcecode.c.h; path = OpenShareHeader.h; sourceTree = "<group>"; };
		0453CD9F213E571700AB6679 /* OpenShare+Weibo.h */ = {isa = PBXFileReference; fileEncoding = 4; lastKnownFileType = sourcecode.c.h; path = "OpenShare+Weibo.h"; sourceTree = "<group>"; };
		0453CDA0213E571700AB6679 /* OpenShare+Renren.m */ = {isa = PBXFileReference; fileEncoding = 4; lastKnownFileType = sourcecode.c.objc; path = "OpenShare+Renren.m"; sourceTree = "<group>"; };
		0453CDA1213E571700AB6679 /* OpenShare.h */ = {isa = PBXFileReference; fileEncoding = 4; lastKnownFileType = sourcecode.c.h; path = OpenShare.h; sourceTree = "<group>"; };
		0453CDA2213E571700AB6679 /* OpenShare+QQ.h */ = {isa = PBXFileReference; fileEncoding = 4; lastKnownFileType = sourcecode.c.h; path = "OpenShare+QQ.h"; sourceTree = "<group>"; };
		0453CDA3213E571700AB6679 /* OpenShare+Weixin.h */ = {isa = PBXFileReference; fileEncoding = 4; lastKnownFileType = sourcecode.c.h; path = "OpenShare+Weixin.h"; sourceTree = "<group>"; };
		0453CDA4213E571700AB6679 /* OpenShare+Alipay.h */ = {isa = PBXFileReference; fileEncoding = 4; lastKnownFileType = sourcecode.c.h; path = "OpenShare+Alipay.h"; sourceTree = "<group>"; };
		0479EC472137D69E008DB619 /* iOS.app */ = {isa = PBXFileReference; explicitFileType = wrapper.application; includeInIndex = 0; path = iOS.app; sourceTree = BUILT_PRODUCTS_DIR; };
		0479EC4A2137D69E008DB619 /* AppDelegate.h */ = {isa = PBXFileReference; lastKnownFileType = sourcecode.c.h; path = AppDelegate.h; sourceTree = "<group>"; };
		0479EC4B2137D69E008DB619 /* AppDelegate.m */ = {isa = PBXFileReference; lastKnownFileType = sourcecode.c.objc; path = AppDelegate.m; sourceTree = "<group>"; };
		0479EC4D2137D69E008DB619 /* ViewController.h */ = {isa = PBXFileReference; lastKnownFileType = sourcecode.c.h; path = ViewController.h; sourceTree = "<group>"; };
		0479EC4E2137D69E008DB619 /* ViewController.m */ = {isa = PBXFileReference; lastKnownFileType = sourcecode.c.objc; path = ViewController.m; sourceTree = "<group>"; };
		0479EC512137D69E008DB619 /* Base */ = {isa = PBXFileReference; lastKnownFileType = file.storyboard; name = Base; path = Base.lproj/Main.storyboard; sourceTree = "<group>"; };
		0479EC532137D69F008DB619 /* Assets.xcassets */ = {isa = PBXFileReference; lastKnownFileType = folder.assetcatalog; path = Assets.xcassets; sourceTree = "<group>"; };
		0479EC562137D69F008DB619 /* Base */ = {isa = PBXFileReference; lastKnownFileType = file.storyboard; name = Base; path = Base.lproj/LaunchScreen.storyboard; sourceTree = "<group>"; };
		0479EC582137D69F008DB619 /* Info.plist */ = {isa = PBXFileReference; lastKnownFileType = text.plist.xml; path = Info.plist; sourceTree = "<group>"; };
		0479EC592137D69F008DB619 /* main.m */ = {isa = PBXFileReference; lastKnownFileType = sourcecode.c.objc; path = main.m; sourceTree = "<group>"; };
		04B99B102179EE4900E2500B /* IFMShareItem.m */ = {isa = PBXFileReference; fileEncoding = 4; lastKnownFileType = sourcecode.c.objc; path = IFMShareItem.m; sourceTree = "<group>"; };
		04B99B112179EE4900E2500B /* IFMShareView.m */ = {isa = PBXFileReference; fileEncoding = 4; lastKnownFileType = sourcecode.c.objc; path = IFMShareView.m; sourceTree = "<group>"; };
		04B99B122179EE4900E2500B /* IFMShareImage.bundle */ = {isa = PBXFileReference; lastKnownFileType = "wrapper.plug-in"; path = IFMShareImage.bundle; sourceTree = "<group>"; };
		04B99B132179EE4900E2500B /* IFMShareItemCell.h */ = {isa = PBXFileReference; fileEncoding = 4; lastKnownFileType = sourcecode.c.h; path = IFMShareItemCell.h; sourceTree = "<group>"; };
		04B99B142179EE4900E2500B /* IFMShareItem.h */ = {isa = PBXFileReference; fileEncoding = 4; lastKnownFileType = sourcecode.c.h; path = IFMShareItem.h; sourceTree = "<group>"; };
		04B99B152179EE4900E2500B /* IFMShareView.h */ = {isa = PBXFileReference; fileEncoding = 4; lastKnownFileType = sourcecode.c.h; path = IFMShareView.h; sourceTree = "<group>"; };
		04B99B162179EE4900E2500B /* IFMShareItemCell.m */ = {isa = PBXFileReference; fileEncoding = 4; lastKnownFileType = sourcecode.c.objc; path = IFMShareItemCell.m; sourceTree = "<group>"; };
		04B99B1C2179EF5E00E2500B /* LF_ShareViewController.h */ = {isa = PBXFileReference; lastKnownFileType = sourcecode.c.h; path = LF_ShareViewController.h; sourceTree = "<group>"; };
		04B99B1D2179EF5E00E2500B /* LF_ShareViewController.m */ = {isa = PBXFileReference; lastKnownFileType = sourcecode.c.objc; path = LF_ShareViewController.m; sourceTree = "<group>"; };
		04B99B1F2179EFA200E2500B /* LF_ShareHandle.h */ = {isa = PBXFileReference; lastKnownFileType = sourcecode.c.h; path = LF_ShareHandle.h; sourceTree = "<group>"; };
		04B99B202179EFA200E2500B /* LF_ShareHandle.m */ = {isa = PBXFileReference; lastKnownFileType = sourcecode.c.objc; path = LF_ShareHandle.m; sourceTree = "<group>"; };
		04B99B222179EFC300E2500B /* LF_ExpandHeader.h */ = {isa = PBXFileReference; lastKnownFileType = sourcecode.c.h; path = LF_ExpandHeader.h; sourceTree = "<group>"; };
		0A895D06C93391F551E77AB1 /* Pods-iOS.release.xcconfig */ = {isa = PBXFileReference; includeInIndex = 1; lastKnownFileType = text.xcconfig; name = "Pods-iOS.release.xcconfig"; path = "Pods/Target Support Files/Pods-iOS/Pods-iOS.release.xcconfig"; sourceTree = "<group>"; };
		54ACFF48B09646D21CE60AED /* Pods_iOS.framework */ = {isa = PBXFileReference; explicitFileType = wrapper.framework; includeInIndex = 0; path = Pods_iOS.framework; sourceTree = BUILT_PRODUCTS_DIR; };
		B1E00BE22143D62400A4656D /* UIView+Border.h */ = {isa = PBXFileReference; fileEncoding = 4; lastKnownFileType = sourcecode.c.h; path = "UIView+Border.h"; sourceTree = "<group>"; };
		B1E00BE32143D62400A4656D /* UIView+Border.m */ = {isa = PBXFileReference; fileEncoding = 4; lastKnownFileType = sourcecode.c.objc; path = "UIView+Border.m"; sourceTree = "<group>"; };
		C4BE04F84F7CC91E58DCF918 /* Pods-iOS.debug.xcconfig */ = {isa = PBXFileReference; includeInIndex = 1; lastKnownFileType = text.xcconfig; name = "Pods-iOS.debug.xcconfig"; path = "Pods/Target Support Files/Pods-iOS/Pods-iOS.debug.xcconfig"; sourceTree = "<group>"; };
/* End PBXFileReference section */

/* Begin PBXFrameworksBuildPhase section */
		0479EC442137D69E008DB619 /* Frameworks */ = {
			isa = PBXFrameworksBuildPhase;
			buildActionMask = 2147483647;
			files = (
				1D2F17DD31CA03BB82396DEE /* Pods_iOS.framework in Frameworks */,
			);
			runOnlyForDeploymentPostprocessing = 0;
		};
/* End PBXFrameworksBuildPhase section */

/* Begin PBXGroup section */
		0437B58F214100AB0017CDF0 /* AOP */ = {
			isa = PBXGroup;
			children = (
				0437B590214100DE0017CDF0 /* AppDelegate+AOP.h */,
				0437B591214100DE0017CDF0 /* AppDelegate+AOP.m */,
			);
			path = AOP;
			sourceTree = "<group>";
		};
		0437B593214101680017CDF0 /* BackBarButton */ = {
			isa = PBXGroup;
			children = (
				0437B594214101680017CDF0 /* UIViewController+NaviBarButton.h */,
				0437B595214101680017CDF0 /* UIViewController+NaviBarButton.m */,
			);
			path = BackBarButton;
			sourceTree = "<group>";
		};
		0437B59A214102E90017CDF0 /* BackFunction */ = {
			isa = PBXGroup;
			children = (
				0437B59E214102E90017CDF0 /* UIViewController+BackButtonHandler.h */,
				0437B59C214102E90017CDF0 /* UIViewController+BackButtonHandler.m */,
				0437B59B214102E90017CDF0 /* UINavigationController+ShouldPopOnBackButton.h */,
				0437B59D214102E90017CDF0 /* UINavigationController+ShouldPopOnBackButton.m */,
			);
			path = BackFunction;
			sourceTree = "<group>";
		};
		0437B5A2214103560017CDF0 /* SingleCorner */ = {
			isa = PBXGroup;
			children = (
				0437B5A3214103560017CDF0 /* UIView+singleCorner.h */,
				0437B5A4214103560017CDF0 /* UIView+singleCorner.m */,
			);
			path = SingleCorner;
			sourceTree = "<group>";
		};
		0437B5AA2141047C0017CDF0 /* MarqueeView */ = {
			isa = PBXGroup;
			children = (
				0437B5AB2141047C0017CDF0 /* MarqueeView.h */,
				0437B5AC2141047C0017CDF0 /* MarqueeView.m */,
			);
			path = MarqueeView;
			sourceTree = "<group>";
		};
		0437B5AE214104B40017CDF0 /* LeftViewTextField */ = {
			isa = PBXGroup;
			children = (
				0437B5B0214104B40017CDF0 /* LeftViewTextField.h */,
				0437B5AF214104B40017CDF0 /* LeftViewTextField.m */,
			);
			path = LeftViewTextField;
			sourceTree = "<group>";
		};
		0437B5B2214104DB0017CDF0 /* PageControl */ = {
			isa = PBXGroup;
			children = (
				0437B5B4214104DB0017CDF0 /* T_PageControl.h */,
				0437B5B3214104DB0017CDF0 /* T_PageControl.m */,
			);
			path = PageControl;
			sourceTree = "<group>";
		};
		0437B5B6214106080017CDF0 /* NestedTableViewCell */ = {
			isa = PBXGroup;
			children = (
				0437B5B9214106080017CDF0 /* KMPPassTableView.h */,
				0437B5BC214106080017CDF0 /* KMPPassTableView.m */,
				0437B5BB214106080017CDF0 /* KMPNestedMainTableViewCell.h */,
				0437B5B7214106080017CDF0 /* KMPNestedMainTableViewCell.m */,
				0437B5BE214106080017CDF0 /* KMPNestedMainHeaderView.h */,
				0437B5BA214106080017CDF0 /* KMPNestedMainHeaderView.m */,
				0437B5B8214106080017CDF0 /* KMPNestedSubCollectionViewCell.h */,
				0437B5BD214106080017CDF0 /* KMPNestedSubCollectionViewCell.m */,
			);
			path = NestedTableViewCell;
			sourceTree = "<group>";
		};
		0437B5C3214106390017CDF0 /* DLSlideView */ = {
			isa = PBXGroup;
			children = (
				0437B5CA214106390017CDF0 /* DLSlideView.h */,
				0437B5D5214106390017CDF0 /* DLSlideView.m */,
				0437B5C4214106390017CDF0 /* DLTabedSlideView.h */,
				0437B5CC214106390017CDF0 /* DLTabedSlideView.m */,
				0437B5CB214106390017CDF0 /* DLCustomSlideView.h */,
				0437B5D4214106390017CDF0 /* DLCustomSlideView.m */,
				0437B5C9214106390017CDF0 /* DLUtility.h */,
				0437B5D3214106390017CDF0 /* DLUtility.m */,
				0437B5C5214106390017CDF0 /* DLCache */,
				0437B5CD214106390017CDF0 /* DLTabbarView */,
			);
			path = DLSlideView;
			sourceTree = "<group>";
		};
		0437B5C5214106390017CDF0 /* DLCache */ = {
			isa = PBXGroup;
			children = (
				0437B5C6214106390017CDF0 /* DLLRUCache.m */,
				0437B5C7214106390017CDF0 /* DLCacheProtocol.h */,
				0437B5C8214106390017CDF0 /* DLLRUCache.h */,
			);
			path = DLCache;
			sourceTree = "<group>";
		};
		0437B5CD214106390017CDF0 /* DLTabbarView */ = {
			isa = PBXGroup;
			children = (
				0437B5CE214106390017CDF0 /* DLSlideTabbarProtocol.h */,
				0437B5CF214106390017CDF0 /* DLScrollTabbarView.h */,
				0437B5D0214106390017CDF0 /* DLFixedTabbarView.h */,
				0437B5D1214106390017CDF0 /* DLScrollTabbarView.m */,
				0437B5D2214106390017CDF0 /* DLFixedTabbarView.m */,
			);
			path = DLTabbarView;
			sourceTree = "<group>";
		};
		04506149213FB02D00366855 /* Utils */ = {
			isa = PBXGroup;
			children = (
				0450615D213FB6BA00366855 /* UtilsHeader.h */,
				04506183213FBAD000366855 /* UI */,
				0450615E213FB71000366855 /* Tool */,
				04506159213FB64A00366855 /* Macro */,
			);
			path = Utils;
			sourceTree = "<group>";
		};
		0450614A213FB03600366855 /* Expand */ = {
			isa = PBXGroup;
			children = (
				04B99B222179EFC300E2500B /* LF_ExpandHeader.h */,
				04B99B1B2179EE9300E2500B /* ShareHandle */,
			);
			path = Expand;
			sourceTree = "<group>";
		};
		04506159213FB64A00366855 /* Macro */ = {
			isa = PBXGroup;
			children = (
				0450615A213FB68700366855 /* CommonMacro.h */,
				0450615C213FB68700366855 /* Singleton.h */,
				0450615B213FB68700366855 /* WeakDefine.h */,
			);
			path = Macro;
			sourceTree = "<group>";
		};
		0450615E213FB71000366855 /* Tool */ = {
			isa = PBXGroup;
			children = (
				0450615F213FB71000366855 /* Hotfix */,
				04506162213FB71000366855 /* Tools */,
				04506175213FB71000366855 /* AEC */,
			);
			path = Tool;
			sourceTree = "<group>";
		};
		0450615F213FB71000366855 /* Hotfix */ = {
			isa = PBXGroup;
			children = (
				04506160213FB71000366855 /* Felix.m */,
				04506161213FB71000366855 /* Felix.h */,
			);
			path = Hotfix;
			sourceTree = "<group>";
		};
		04506162213FB71000366855 /* Tools */ = {
			isa = PBXGroup;
			children = (
				0450616F213FB71000366855 /* Tools.h */,
				04506166213FB71000366855 /* Tools.m */,
				04506164213FB71000366855 /* Tools+String.h */,
				04506171213FB71000366855 /* Tools+String.m */,
				04506165213FB71000366855 /* Tools+Image.h */,
				04506170213FB71000366855 /* Tools+Image.m */,
				0450616D213FB71000366855 /* Tools+UpdateVersion.h */,
				04506167213FB71000366855 /* Tools+UpdateVersion.m */,
				0450616E213FB71000366855 /* Tools+CheckFormat.h */,
				04506168213FB71000366855 /* Tools+CheckFormat.m */,
				04506169213FB71000366855 /* Tools+DeviceCategory.h */,
				04506172213FB71000366855 /* Tools+DeviceCategory.m */,
				0450616A213FB71000366855 /* Tools+Date.h */,
				04506174213FB71000366855 /* Tools+Date.m */,
			);
			path = Tools;
			sourceTree = "<group>";
		};
		04506175213FB71000366855 /* AEC */ = {
			isa = PBXGroup;
			children = (
				04506176213FB71000366855 /* EncryptionTools.h */,
				04506177213FB71000366855 /* EncryptionTools.m */,
			);
			path = AEC;
			sourceTree = "<group>";
		};
		04506183213FBAD000366855 /* UI */ = {
			isa = PBXGroup;
			children = (
				B1E00BE12143D61C00A4656D /* Border */,
				0437B5B6214106080017CDF0 /* NestedTableViewCell */,
				0437B5B2214104DB0017CDF0 /* PageControl */,
				0437B5AE214104B40017CDF0 /* LeftViewTextField */,
				0437B5AA2141047C0017CDF0 /* MarqueeView */,
				0437B5A2214103560017CDF0 /* SingleCorner */,
				0437B59A214102E90017CDF0 /* BackFunction */,
				0437B593214101680017CDF0 /* BackBarButton */,
			);
			path = UI;
			sourceTree = "<group>";
		};
		0453CD87213E56B000AB6679 /* Supporting Files */ = {
			isa = PBXGroup;
			children = (
				0479EC502137D69E008DB619 /* Main.storyboard */,
				0479EC532137D69F008DB619 /* Assets.xcassets */,
				0479EC552137D69F008DB619 /* LaunchScreen.storyboard */,
				0479EC582137D69F008DB619 /* Info.plist */,
				0479EC592137D69F008DB619 /* main.m */,
				04506148213FAF9800366855 /* iOS-Prefix.pch */,
			);
			path = "Supporting Files";
			sourceTree = "<group>";
		};
		0453CD88213E56D600AB6679 /* AppDelegate */ = {
			isa = PBXGroup;
			children = (
				0479EC4A2137D69E008DB619 /* AppDelegate.h */,
				0479EC4B2137D69E008DB619 /* AppDelegate.m */,
				0437B58F214100AB0017CDF0 /* AOP */,
			);
			path = AppDelegate;
			sourceTree = "<group>";
		};
		0453CD89213E56E700AB6679 /* Class */ = {
			isa = PBXGroup;
			children = (
				048213062177115D00169B9F /* MainHome */,
				048213072177116E00169B9F /* Share */,
			);
			path = Class;
			sourceTree = "<group>";
		};
		0453CD8A213E56FB00AB6679 /* Vender */ = {
			isa = PBXGroup;
			children = (
				04B99B0F2179EE4900E2500B /* IFMShare */,
				0437B5C3214106390017CDF0 /* DLSlideView */,
				0453CD97213E571700AB6679 /* openshare */,
			);
			path = Vender;
			sourceTree = "<group>";
		};
		0453CD97213E571700AB6679 /* openshare */ = {
			isa = PBXGroup;
			children = (
				0453CD9E213E571700AB6679 /* OpenShareHeader.h */,
				0453CDA1213E571700AB6679 /* OpenShare.h */,
				0453CD99213E571700AB6679 /* OpenShare.m */,
				0453CDA3213E571700AB6679 /* OpenShare+Weixin.h */,
				0453CD9D213E571700AB6679 /* OpenShare+Weixin.m */,
				0453CDA4213E571700AB6679 /* OpenShare+Alipay.h */,
				0453CD9C213E571700AB6679 /* OpenShare+Alipay.m */,
				0453CD9F213E571700AB6679 /* OpenShare+Weibo.h */,
				0453CD98213E571700AB6679 /* OpenShare+Weibo.m */,
				0453CDA2213E571700AB6679 /* OpenShare+QQ.h */,
				0453CD9B213E571700AB6679 /* OpenShare+QQ.m */,
				0453CD9A213E571700AB6679 /* OpenShare+Renren.h */,
				0453CDA0213E571700AB6679 /* OpenShare+Renren.m */,
			);
			path = openshare;
			sourceTree = "<group>";
		};
		0479EC3E2137D69E008DB619 = {
			isa = PBXGroup;
			children = (
				0479EC492137D69E008DB619 /* iOS */,
				0479EC482137D69E008DB619 /* Products */,
				1816FD9D3A2A46A9173BB33A /* Pods */,
				EEE53BBDD73F9907CB97A47D /* Frameworks */,
			);
			sourceTree = "<group>";
		};
		0479EC482137D69E008DB619 /* Products */ = {
			isa = PBXGroup;
			children = (
				0479EC472137D69E008DB619 /* iOS.app */,
			);
			name = Products;
			sourceTree = "<group>";
		};
		0479EC492137D69E008DB619 /* iOS */ = {
			isa = PBXGroup;
			children = (
				0453CD88213E56D600AB6679 /* AppDelegate */,
				0453CD89213E56E700AB6679 /* Class */,
				0450614A213FB03600366855 /* Expand */,
				04506149213FB02D00366855 /* Utils */,
				0453CD8A213E56FB00AB6679 /* Vender */,
				0453CD87213E56B000AB6679 /* Supporting Files */,
			);
			path = iOS;
			sourceTree = "<group>";
		};
		048213062177115D00169B9F /* MainHome */ = {
			isa = PBXGroup;
			children = (
				0479EC4D2137D69E008DB619 /* ViewController.h */,
				0479EC4E2137D69E008DB619 /* ViewController.m */,
			);
			path = MainHome;
			sourceTree = "<group>";
		};
		048213072177116E00169B9F /* Share */ = {
			isa = PBXGroup;
			children = (
				04B99B1C2179EF5E00E2500B /* LF_ShareViewController.h */,
				04B99B1D2179EF5E00E2500B /* LF_ShareViewController.m */,
			);
			path = Share;
			sourceTree = "<group>";
		};
		04B99B0F2179EE4900E2500B /* IFMShare */ = {
			isa = PBXGroup;
			children = (
				04B99B102179EE4900E2500B /* IFMShareItem.m */,
				04B99B112179EE4900E2500B /* IFMShareView.m */,
				04B99B122179EE4900E2500B /* IFMShareImage.bundle */,
				04B99B132179EE4900E2500B /* IFMShareItemCell.h */,
				04B99B142179EE4900E2500B /* IFMShareItem.h */,
				04B99B152179EE4900E2500B /* IFMShareView.h */,
				04B99B162179EE4900E2500B /* IFMShareItemCell.m */,
			);
			path = IFMShare;
			sourceTree = "<group>";
		};
		04B99B1B2179EE9300E2500B /* ShareHandle */ = {
			isa = PBXGroup;
			children = (
				04B99B1F2179EFA200E2500B /* LF_ShareHandle.h */,
				04B99B202179EFA200E2500B /* LF_ShareHandle.m */,
			);
			path = ShareHandle;
			sourceTree = "<group>";
		};
		1816FD9D3A2A46A9173BB33A /* Pods */ = {
			isa = PBXGroup;
			children = (
				C4BE04F84F7CC91E58DCF918 /* Pods-iOS.debug.xcconfig */,
				0A895D06C93391F551E77AB1 /* Pods-iOS.release.xcconfig */,
			);
			name = Pods;
			sourceTree = "<group>";
		};
		B1E00BE12143D61C00A4656D /* Border */ = {
			isa = PBXGroup;
			children = (
				B1E00BE22143D62400A4656D /* UIView+Border.h */,
				B1E00BE32143D62400A4656D /* UIView+Border.m */,
			);
			path = Border;
			sourceTree = "<group>";
		};
		EEE53BBDD73F9907CB97A47D /* Frameworks */ = {
			isa = PBXGroup;
			children = (
				54ACFF48B09646D21CE60AED /* Pods_iOS.framework */,
			);
			name = Frameworks;
			sourceTree = "<group>";
		};
/* End PBXGroup section */

/* Begin PBXNativeTarget section */
		0479EC462137D69E008DB619 /* iOS */ = {
			isa = PBXNativeTarget;
			buildConfigurationList = 0479EC5D2137D69F008DB619 /* Build configuration list for PBXNativeTarget "iOS" */;
			buildPhases = (
				C7310B59558ABBD01786DCC5 /* [CP] Check Pods Manifest.lock */,
				0479EC432137D69E008DB619 /* Sources */,
				0479EC442137D69E008DB619 /* Frameworks */,
				0479EC452137D69E008DB619 /* Resources */,
				9BDF32FD72A254D1204ABBEA /* [CP] Embed Pods Frameworks */,
			);
			buildRules = (
			);
			dependencies = (
			);
			name = iOS;
			productName = iOS;
			productReference = 0479EC472137D69E008DB619 /* iOS.app */;
			productType = "com.apple.product-type.application";
		};
/* End PBXNativeTarget section */

/* Begin PBXProject section */
		0479EC3F2137D69E008DB619 /* Project object */ = {
			isa = PBXProject;
			attributes = {
				CLASSPREFIX = LF_;
				LastUpgradeCheck = 0940;
				ORGANIZATIONNAME = Mr.T;
				TargetAttributes = {
					0479EC462137D69E008DB619 = {
						CreatedOnToolsVersion = 9.4.1;
					};
				};
			};
			buildConfigurationList = 0479EC422137D69E008DB619 /* Build configuration list for PBXProject "iOS" */;
			compatibilityVersion = "Xcode 9.3";
			developmentRegion = en;
			hasScannedForEncodings = 0;
			knownRegions = (
				en,
				Base,
			);
			mainGroup = 0479EC3E2137D69E008DB619;
			productRefGroup = 0479EC482137D69E008DB619 /* Products */;
			projectDirPath = "";
			projectRoot = "";
			targets = (
				0479EC462137D69E008DB619 /* iOS */,
			);
		};
/* End PBXProject section */

/* Begin PBXResourcesBuildPhase section */
		0479EC452137D69E008DB619 /* Resources */ = {
			isa = PBXResourcesBuildPhase;
			buildActionMask = 2147483647;
			files = (
				0479EC572137D69F008DB619 /* LaunchScreen.storyboard in Resources */,
				0479EC542137D69F008DB619 /* Assets.xcassets in Resources */,
				04B99B192179EE4900E2500B /* IFMShareImage.bundle in Resources */,
				0479EC522137D69E008DB619 /* Main.storyboard in Resources */,
			);
			runOnlyForDeploymentPostprocessing = 0;
		};
/* End PBXResourcesBuildPhase section */

/* Begin PBXShellScriptBuildPhase section */
		9BDF32FD72A254D1204ABBEA /* [CP] Embed Pods Frameworks */ = {
			isa = PBXShellScriptBuildPhase;
			buildActionMask = 2147483647;
			files = (
			);
			inputPaths = (
				"${SRCROOT}/Pods/Target Support Files/Pods-iOS/Pods-iOS-frameworks.sh",
				"${BUILT_PRODUCTS_DIR}/AFNetworking/AFNetworking.framework",
				"${BUILT_PRODUCTS_DIR}/AspectsV1.4.2/AspectsV1_4_2.framework",
				"${BUILT_PRODUCTS_DIR}/BRPickerView/BRPickerView.framework",
				"${BUILT_PRODUCTS_DIR}/Base64/Base64.framework",
				"${BUILT_PRODUCTS_DIR}/BlocksKit/BlocksKit.framework",
				"${BUILT_PRODUCTS_DIR}/FMDB/FMDB.framework",
				"${BUILT_PRODUCTS_DIR}/LYEmptyView/LYEmptyView.framework",
				"${BUILT_PRODUCTS_DIR}/MJExtension/MJExtension.framework",
				"${BUILT_PRODUCTS_DIR}/MJRefresh/MJRefresh.framework",
				"${BUILT_PRODUCTS_DIR}/Masonry/Masonry.framework",
				"${BUILT_PRODUCTS_DIR}/Reachability/Reachability.framework",
				"${BUILT_PRODUCTS_DIR}/SDCycleScrollView/SDCycleScrollView.framework",
				"${BUILT_PRODUCTS_DIR}/SDWebImage/SDWebImage.framework",
				"${BUILT_PRODUCTS_DIR}/SFHFKeychainUtils/SFHFKeychainUtils.framework",
				"${BUILT_PRODUCTS_DIR}/SVProgressHUD/SVProgressHUD.framework",
				"${BUILT_PRODUCTS_DIR}/SwipeTableView/SwipeTableView.framework",
				"${BUILT_PRODUCTS_DIR}/TZImagePickerController/TZImagePickerController.framework",
				"${BUILT_PRODUCTS_DIR}/WZLBadge/WZLBadge.framework",
				"${BUILT_PRODUCTS_DIR}/XMNetworking/XMNetworking.framework",
				"${BUILT_PRODUCTS_DIR}/YYText/YYText.framework",
				"${BUILT_PRODUCTS_DIR}/ZYKeyboardUtil/ZYKeyboardUtil.framework",
			);
			name = "[CP] Embed Pods Frameworks";
			outputPaths = (
				"${TARGET_BUILD_DIR}/${FRAMEWORKS_FOLDER_PATH}/AFNetworking.framework",
				"${TARGET_BUILD_DIR}/${FRAMEWORKS_FOLDER_PATH}/AspectsV1_4_2.framework",
				"${TARGET_BUILD_DIR}/${FRAMEWORKS_FOLDER_PATH}/BRPickerView.framework",
				"${TARGET_BUILD_DIR}/${FRAMEWORKS_FOLDER_PATH}/Base64.framework",
				"${TARGET_BUILD_DIR}/${FRAMEWORKS_FOLDER_PATH}/BlocksKit.framework",
				"${TARGET_BUILD_DIR}/${FRAMEWORKS_FOLDER_PATH}/FMDB.framework",
				"${TARGET_BUILD_DIR}/${FRAMEWORKS_FOLDER_PATH}/LYEmptyView.framework",
				"${TARGET_BUILD_DIR}/${FRAMEWORKS_FOLDER_PATH}/MJExtension.framework",
				"${TARGET_BUILD_DIR}/${FRAMEWORKS_FOLDER_PATH}/MJRefresh.framework",
				"${TARGET_BUILD_DIR}/${FRAMEWORKS_FOLDER_PATH}/Masonry.framework",
				"${TARGET_BUILD_DIR}/${FRAMEWORKS_FOLDER_PATH}/Reachability.framework",
				"${TARGET_BUILD_DIR}/${FRAMEWORKS_FOLDER_PATH}/SDCycleScrollView.framework",
				"${TARGET_BUILD_DIR}/${FRAMEWORKS_FOLDER_PATH}/SDWebImage.framework",
				"${TARGET_BUILD_DIR}/${FRAMEWORKS_FOLDER_PATH}/SFHFKeychainUtils.framework",
				"${TARGET_BUILD_DIR}/${FRAMEWORKS_FOLDER_PATH}/SVProgressHUD.framework",
				"${TARGET_BUILD_DIR}/${FRAMEWORKS_FOLDER_PATH}/SwipeTableView.framework",
				"${TARGET_BUILD_DIR}/${FRAMEWORKS_FOLDER_PATH}/TZImagePickerController.framework",
				"${TARGET_BUILD_DIR}/${FRAMEWORKS_FOLDER_PATH}/WZLBadge.framework",
				"${TARGET_BUILD_DIR}/${FRAMEWORKS_FOLDER_PATH}/XMNetworking.framework",
				"${TARGET_BUILD_DIR}/${FRAMEWORKS_FOLDER_PATH}/YYText.framework",
				"${TARGET_BUILD_DIR}/${FRAMEWORKS_FOLDER_PATH}/ZYKeyboardUtil.framework",
			);
			runOnlyForDeploymentPostprocessing = 0;
			shellPath = /bin/sh;
			shellScript = "\"${SRCROOT}/Pods/Target Support Files/Pods-iOS/Pods-iOS-frameworks.sh\"\n";
			showEnvVarsInLog = 0;
		};
		C7310B59558ABBD01786DCC5 /* [CP] Check Pods Manifest.lock */ = {
			isa = PBXShellScriptBuildPhase;
			buildActionMask = 2147483647;
			files = (
			);
			inputPaths = (
				"${PODS_PODFILE_DIR_PATH}/Podfile.lock",
				"${PODS_ROOT}/Manifest.lock",
			);
			name = "[CP] Check Pods Manifest.lock";
			outputPaths = (
				"$(DERIVED_FILE_DIR)/Pods-iOS-checkManifestLockResult.txt",
			);
			runOnlyForDeploymentPostprocessing = 0;
			shellPath = /bin/sh;
			shellScript = "diff \"${PODS_PODFILE_DIR_PATH}/Podfile.lock\" \"${PODS_ROOT}/Manifest.lock\" > /dev/null\nif [ $? != 0 ] ; then\n    # print error to STDERR\n    echo \"error: The sandbox is not in sync with the Podfile.lock. Run 'pod install' or update your CocoaPods installation.\" >&2\n    exit 1\nfi\n# This output is used by Xcode 'outputs' to avoid re-running this script phase.\necho \"SUCCESS\" > \"${SCRIPT_OUTPUT_FILE_0}\"\n";
			showEnvVarsInLog = 0;
		};
/* End PBXShellScriptBuildPhase section */

/* Begin PBXSourcesBuildPhase section */
		0479EC432137D69E008DB619 /* Sources */ = {
			isa = PBXSourcesBuildPhase;
			buildActionMask = 2147483647;
			files = (
				0437B5D7214106390017CDF0 /* DLTabedSlideView.m in Sources */,
				04506182213FB71000366855 /* EncryptionTools.m in Sources */,
				04B99B1E2179EF5E00E2500B /* LF_ShareViewController.m in Sources */,
				0437B5C0214106080017CDF0 /* KMPNestedMainHeaderView.m in Sources */,
				0437B5A0214102E90017CDF0 /* UIViewController+BackButtonHandler.m in Sources */,
				04B99B1A2179EE4900E2500B /* IFMShareItemCell.m in Sources */,
				0479EC4F2137D69E008DB619 /* ViewController.m in Sources */,
				0437B592214100DE0017CDF0 /* AppDelegate+AOP.m in Sources */,
				04B99B172179EE4900E2500B /* IFMShareItem.m in Sources */,
				0453CDA9213E571700AB6679 /* OpenShare+Weixin.m in Sources */,
				0450617E213FB71000366855 /* Tools+Image.m in Sources */,
				0437B5A5214103560017CDF0 /* UIView+singleCorner.m in Sources */,
				0453CDAA213E571700AB6679 /* OpenShare+Renren.m in Sources */,
				0453CDA7213E571700AB6679 /* OpenShare+QQ.m in Sources */,
				0437B5BF214106080017CDF0 /* KMPNestedMainTableViewCell.m in Sources */,
				0479EC5A2137D69F008DB619 /* main.m in Sources */,
				0450617A213FB71000366855 /* Tools+UpdateVersion.m in Sources */,
				0437B5D8214106390017CDF0 /* DLScrollTabbarView.m in Sources */,
				0437B5D6214106390017CDF0 /* DLLRUCache.m in Sources */,
				04506181213FB71000366855 /* Tools+Date.m in Sources */,
				0453CDA8213E571700AB6679 /* OpenShare+Alipay.m in Sources */,
				04506179213FB71000366855 /* Tools.m in Sources */,
				0450617B213FB71000366855 /* Tools+CheckFormat.m in Sources */,
				0437B5D9214106390017CDF0 /* DLFixedTabbarView.m in Sources */,
				0453CDA5213E571700AB6679 /* OpenShare+Weibo.m in Sources */,
				0437B5C1214106080017CDF0 /* KMPPassTableView.m in Sources */,
				0453CDA6213E571700AB6679 /* OpenShare.m in Sources */,
				0437B5DB214106390017CDF0 /* DLCustomSlideView.m in Sources */,
				0437B5DC214106390017CDF0 /* DLSlideView.m in Sources */,
				04506178213FB71000366855 /* Felix.m in Sources */,
				04B99B212179EFA200E2500B /* LF_ShareHandle.m in Sources */,
				0437B5B1214104B40017CDF0 /* LeftViewTextField.m in Sources */,
				B1E00BE42143D62400A4656D /* UIView+Border.m in Sources */,
				0437B5AD2141047C0017CDF0 /* MarqueeView.m in Sources */,
				0450617F213FB71000366855 /* Tools+String.m in Sources */,
				04506180213FB71000366855 /* Tools+DeviceCategory.m in Sources */,
				0437B5B5214104DB0017CDF0 /* T_PageControl.m in Sources */,
				0437B5DA214106390017CDF0 /* DLUtility.m in Sources */,
				04B99B182179EE4900E2500B /* IFMShareView.m in Sources */,
				0437B596214101680017CDF0 /* UIViewController+NaviBarButton.m in Sources */,
				0437B5C2214106080017CDF0 /* KMPNestedSubCollectionViewCell.m in Sources */,
				0437B5A1214102E90017CDF0 /* UINavigationController+ShouldPopOnBackButton.m in Sources */,
				0479EC4C2137D69E008DB619 /* AppDelegate.m in Sources */,
			);
			runOnlyForDeploymentPostprocessing = 0;
		};
/* End PBXSourcesBuildPhase section */

/* Begin PBXVariantGroup section */
		0479EC502137D69E008DB619 /* Main.storyboard */ = {
			isa = PBXVariantGroup;
			children = (
				0479EC512137D69E008DB619 /* Base */,
			);
			name = Main.storyboard;
			sourceTree = "<group>";
		};
		0479EC552137D69F008DB619 /* LaunchScreen.storyboard */ = {
			isa = PBXVariantGroup;
			children = (
				0479EC562137D69F008DB619 /* Base */,
			);
			name = LaunchScreen.storyboard;
			sourceTree = "<group>";
		};
/* End PBXVariantGroup section */

/* Begin XCBuildConfiguration section */
		0479EC5B2137D69F008DB619 /* Debug */ = {
			isa = XCBuildConfiguration;
			buildSettings = {
				ALWAYS_SEARCH_USER_PATHS = NO;
				CLANG_ANALYZER_NONNULL = YES;
				CLANG_ANALYZER_NUMBER_OBJECT_CONVERSION = YES_AGGRESSIVE;
				CLANG_CXX_LANGUAGE_STANDARD = "gnu++14";
				CLANG_CXX_LIBRARY = "libc++";
				CLANG_ENABLE_MODULES = YES;
				CLANG_ENABLE_OBJC_ARC = YES;
				CLANG_ENABLE_OBJC_WEAK = YES;
				CLANG_WARN_BLOCK_CAPTURE_AUTORELEASING = YES;
				CLANG_WARN_BOOL_CONVERSION = YES;
				CLANG_WARN_COMMA = YES;
				CLANG_WARN_CONSTANT_CONVERSION = YES;
				CLANG_WARN_DEPRECATED_OBJC_IMPLEMENTATIONS = YES;
				CLANG_WARN_DIRECT_OBJC_ISA_USAGE = YES_ERROR;
				CLANG_WARN_DOCUMENTATION_COMMENTS = YES;
				CLANG_WARN_EMPTY_BODY = YES;
				CLANG_WARN_ENUM_CONVERSION = YES;
				CLANG_WARN_INFINITE_RECURSION = YES;
				CLANG_WARN_INT_CONVERSION = YES;
				CLANG_WARN_NON_LITERAL_NULL_CONVERSION = YES;
				CLANG_WARN_OBJC_IMPLICIT_RETAIN_SELF = YES;
				CLANG_WARN_OBJC_LITERAL_CONVERSION = YES;
				CLANG_WARN_OBJC_ROOT_CLASS = YES_ERROR;
				CLANG_WARN_RANGE_LOOP_ANALYSIS = YES;
				CLANG_WARN_STRICT_PROTOTYPES = YES;
				CLANG_WARN_SUSPICIOUS_MOVE = YES;
				CLANG_WARN_UNGUARDED_AVAILABILITY = YES_AGGRESSIVE;
				CLANG_WARN_UNREACHABLE_CODE = YES;
				CLANG_WARN__DUPLICATE_METHOD_MATCH = YES;
				CODE_SIGN_IDENTITY = "iPhone Developer";
				COPY_PHASE_STRIP = NO;
				DEBUG_INFORMATION_FORMAT = dwarf;
				ENABLE_STRICT_OBJC_MSGSEND = YES;
				ENABLE_TESTABILITY = YES;
				GCC_C_LANGUAGE_STANDARD = gnu11;
				GCC_DYNAMIC_NO_PIC = NO;
				GCC_NO_COMMON_BLOCKS = YES;
				GCC_OPTIMIZATION_LEVEL = 0;
				GCC_PREPROCESSOR_DEFINITIONS = (
					"DEBUG=1",
					"$(inherited)",
				);
				GCC_WARN_64_TO_32_BIT_CONVERSION = YES;
				GCC_WARN_ABOUT_RETURN_TYPE = YES_ERROR;
				GCC_WARN_UNDECLARED_SELECTOR = YES;
				GCC_WARN_UNINITIALIZED_AUTOS = YES_AGGRESSIVE;
				GCC_WARN_UNUSED_FUNCTION = YES;
				GCC_WARN_UNUSED_VARIABLE = YES;
				IPHONEOS_DEPLOYMENT_TARGET = 11.4;
				MTL_ENABLE_DEBUG_INFO = YES;
				ONLY_ACTIVE_ARCH = YES;
				SDKROOT = iphoneos;
			};
			name = Debug;
		};
		0479EC5C2137D69F008DB619 /* Release */ = {
			isa = XCBuildConfiguration;
			buildSettings = {
				ALWAYS_SEARCH_USER_PATHS = NO;
				CLANG_ANALYZER_NONNULL = YES;
				CLANG_ANALYZER_NUMBER_OBJECT_CONVERSION = YES_AGGRESSIVE;
				CLANG_CXX_LANGUAGE_STANDARD = "gnu++14";
				CLANG_CXX_LIBRARY = "libc++";
				CLANG_ENABLE_MODULES = YES;
				CLANG_ENABLE_OBJC_ARC = YES;
				CLANG_ENABLE_OBJC_WEAK = YES;
				CLANG_WARN_BLOCK_CAPTURE_AUTORELEASING = YES;
				CLANG_WARN_BOOL_CONVERSION = YES;
				CLANG_WARN_COMMA = YES;
				CLANG_WARN_CONSTANT_CONVERSION = YES;
				CLANG_WARN_DEPRECATED_OBJC_IMPLEMENTATIONS = YES;
				CLANG_WARN_DIRECT_OBJC_ISA_USAGE = YES_ERROR;
				CLANG_WARN_DOCUMENTATION_COMMENTS = YES;
				CLANG_WARN_EMPTY_BODY = YES;
				CLANG_WARN_ENUM_CONVERSION = YES;
				CLANG_WARN_INFINITE_RECURSION = YES;
				CLANG_WARN_INT_CONVERSION = YES;
				CLANG_WARN_NON_LITERAL_NULL_CONVERSION = YES;
				CLANG_WARN_OBJC_IMPLICIT_RETAIN_SELF = YES;
				CLANG_WARN_OBJC_LITERAL_CONVERSION = YES;
				CLANG_WARN_OBJC_ROOT_CLASS = YES_ERROR;
				CLANG_WARN_RANGE_LOOP_ANALYSIS = YES;
				CLANG_WARN_STRICT_PROTOTYPES = YES;
				CLANG_WARN_SUSPICIOUS_MOVE = YES;
				CLANG_WARN_UNGUARDED_AVAILABILITY = YES_AGGRESSIVE;
				CLANG_WARN_UNREACHABLE_CODE = YES;
				CLANG_WARN__DUPLICATE_METHOD_MATCH = YES;
				CODE_SIGN_IDENTITY = "iPhone Developer";
				COPY_PHASE_STRIP = NO;
				DEBUG_INFORMATION_FORMAT = "dwarf-with-dsym";
				ENABLE_NS_ASSERTIONS = NO;
				ENABLE_STRICT_OBJC_MSGSEND = YES;
				GCC_C_LANGUAGE_STANDARD = gnu11;
				GCC_NO_COMMON_BLOCKS = YES;
				GCC_WARN_64_TO_32_BIT_CONVERSION = YES;
				GCC_WARN_ABOUT_RETURN_TYPE = YES_ERROR;
				GCC_WARN_UNDECLARED_SELECTOR = YES;
				GCC_WARN_UNINITIALIZED_AUTOS = YES_AGGRESSIVE;
				GCC_WARN_UNUSED_FUNCTION = YES;
				GCC_WARN_UNUSED_VARIABLE = YES;
				IPHONEOS_DEPLOYMENT_TARGET = 11.4;
				MTL_ENABLE_DEBUG_INFO = NO;
				SDKROOT = iphoneos;
				VALIDATE_PRODUCT = YES;
			};
			name = Release;
		};
		0479EC5E2137D69F008DB619 /* Debug */ = {
			isa = XCBuildConfiguration;
			baseConfigurationReference = C4BE04F84F7CC91E58DCF918 /* Pods-iOS.debug.xcconfig */;
			buildSettings = {
				ASSETCATALOG_COMPILER_APPICON_NAME = AppIcon;
				CODE_SIGN_STYLE = Automatic;
				GCC_PREFIX_HEADER = "iOS/Supporting Files/iOS-Prefix.pch";
				INFOPLIST_FILE = "iOS/Supporting Files/Info.plist";
				IPHONEOS_DEPLOYMENT_TARGET = 9.0;
				LD_RUNPATH_SEARCH_PATHS = (
					"$(inherited)",
					"@executable_path/Frameworks",
				);
				PRODUCT_BUNDLE_IDENTIFIER = com.skybrim.iOS;
				PRODUCT_NAME = "$(TARGET_NAME)";
				TARGETED_DEVICE_FAMILY = 1;
				WARNING_CFLAGS = "-Wno-documentation";
			};
			name = Debug;
		};
		0479EC5F2137D69F008DB619 /* Release */ = {
			isa = XCBuildConfiguration;
			baseConfigurationReference = 0A895D06C93391F551E77AB1 /* Pods-iOS.release.xcconfig */;
			buildSettings = {
				ASSETCATALOG_COMPILER_APPICON_NAME = AppIcon;
				CODE_SIGN_STYLE = Automatic;
				GCC_PREFIX_HEADER = "iOS/Supporting Files/iOS-Prefix.pch";
				INFOPLIST_FILE = "iOS/Supporting Files/Info.plist";
				IPHONEOS_DEPLOYMENT_TARGET = 9.0;
				LD_RUNPATH_SEARCH_PATHS = (
					"$(inherited)",
					"@executable_path/Frameworks",
				);
				PRODUCT_BUNDLE_IDENTIFIER = com.skybrim.iOS;
				PRODUCT_NAME = "$(TARGET_NAME)";
				TARGETED_DEVICE_FAMILY = 1;
				WARNING_CFLAGS = "-Wno-documentation";
			};
			name = Release;
		};
/* End XCBuildConfiguration section */

/* Begin XCConfigurationList section */
		0479EC422137D69E008DB619 /* Build configuration list for PBXProject "iOS" */ = {
			isa = XCConfigurationList;
			buildConfigurations = (
				0479EC5B2137D69F008DB619 /* Debug */,
				0479EC5C2137D69F008DB619 /* Release */,
			);
			defaultConfigurationIsVisible = 0;
			defaultConfigurationName = Release;
		};
		0479EC5D2137D69F008DB619 /* Build configuration list for PBXNativeTarget "iOS" */ = {
			isa = XCConfigurationList;
			buildConfigurations = (
				0479EC5E2137D69F008DB619 /* Debug */,
				0479EC5F2137D69F008DB619 /* Release */,
			);
			defaultConfigurationIsVisible = 0;
			defaultConfigurationName = Release;
		};
/* End XCConfigurationList section */
	};
	rootObject = 0479EC3F2137D69E008DB619 /* Project object */;
}
